{
    "_meta": {
        "hash": {
            "sha256": "376fb188bd73b1eb30019c735b46fd914e7fde35d07c5fc52e31317ab0ffb429"
        },
        "host-environment-markers": {
            "implementation_name": "cpython",
            "implementation_version": "3.6.3",
            "os_name": "posix",
            "platform_machine": "x86_64",
            "platform_python_implementation": "CPython",
            "platform_release": "17.2.0",
            "platform_system": "Darwin",
            "platform_version": "Darwin Kernel Version 17.2.0: Fri Sep 29 18:27:05 PDT 2017; root:xnu-4570.20.62~3/RELEASE_X86_64",
            "python_full_version": "3.6.3",
            "python_version": "3.6",
            "sys_platform": "darwin"
        },
        "pipfile-spec": 6,
        "requires": {
            "python_version": "3.6"
        },
        "sources": [
            {
                "name": "pypi",
                "url": "http://mirrors.aliyun.com/pypi/simple/",
                "verify_ssl": false
            }
        ]
    },
    "default": {
        "asn1crypto": {
            "hashes": [],
            "version": "==0.23.0"
        },
        "cffi": {
            "hashes": [],
            "markers": "platform_python_implementation != 'PyPy'",
            "version": "==1.11.2"
        },
        "click": {
            "hashes": [],
            "version": "==6.7"
        },
        "coloredlogs": {
            "hashes": [],
            "version": "==7.3.1"
        },
        "cryptography": {
            "hashes": [],
            "version": "==2.1.4"
        },
        "humanfriendly": {
            "hashes": [],
            "version": "==4.4.1"
        },
        "idna": {
            "hashes": [],
            "version": "==2.6"
        },
        "mccabe": {
            "hashes": [],
            "version": "==0.6.1"
        },
        "numpy": {
            "hashes": [],
            "version": "==1.13.3"
        },
        "pandas": {
            "hashes": [],
            "version": "==0.21.0"
        },
        "prettytable": {
            "hashes": [],
            "version": "==0.7.2"
        },
        "pycodestyle": {
            "hashes": [],
            "version": "==2.3.1"
        },
        "pycparser": {
            "hashes": [],
            "version": "==2.18"
        },
        "pydocstyle": {
            "hashes": [],
            "version": "==2.1.1"
        },
        "pyflakes": {
            "hashes": [],
            "version": "==1.6.0"
        },
        "pylama": {
            "hashes": [],
            "version": "==7.4.3"
        },
        "pytdx": {
            "hashes": [],
            "version": "==1.57"
        },
        "python-dateutil": {
            "hashes": [],
            "version": "==2.6.1"
        },
        "pytz": {
            "hashes": [],
            "version": "==2017.3"
        },
        "sh": {
            "hashes": [],
            "version": "==1.12.14"
        },
        "six": {
            "hashes": [],
            "version": "==1.11.0"
        },
        "snowballstemmer": {
            "hashes": [],
            "version": "==1.2.1"
        }
    },
    "develop": {
        "appnope": {
            "hashes": [],
            "markers": "sys_platform == 'darwin'",
            "version": "==0.1.0"
        },
        "attrs": {
            "hashes": [],
            "version": "==17.3.0"
        },
        "decorator": {
            "hashes": [],
            "version": "==4.1.2"
        },
        "ipython": {
            "hashes": [],
            "version": "==6.2.1"
        },
        "ipython-genutils": {
            "hashes": [],
            "version": "==0.2.0"
        },
        "jedi": {
            "hashes": [],
            "version": "==0.11.0"
        },
        "parso": {
            "hashes": [],
            "version": "==0.1.0"
        },
        "pexpect": {
            "hashes": [],
            "markers": "sys_platform != 'win32'",
            "version": "==4.3.0"
        },
        "pickleshare": {
            "hashes": [],
            "version": "==0.7.4"
        },
        "pluggy": {
            "hashes": [],
            "version": "==0.6.0"
        },
        "prompt-toolkit": {
            "hashes": [],
            "version": "==1.0.15"
        },
        "ptyprocess": {
            "hashes": [],
            "version": "==0.5.2"
        },
        "py": {
            "hashes": [],
            "version": "==1.5.2"
        },
        "pygments": {
            "hashes": [],
            "version": "==2.2.0"
        },
        "pytest": {
            "hashes": [],
            "version": "==3.3.0"
        },
        "simplegeneric": {
            "hashes": [],
            "version": "==0.8.1"
        },
        "six": {
            "hashes": [],
            "version": "==1.11.0"
        },
        "traitlets": {
            "hashes": [],
            "version": "==4.3.2"
        },
        "wcwidth": {
            "hashes": [],
            "version": "==0.1.7"
        }
    }
}
